
Microsoft Visual Studio Solution File, Format Version 12.00
# Visual Studio Version 16
VisualStudioVersion = 16.0.29519.87
MinimumVisualStudioVersion = 10.0.40219.1
Project("{9A19103F-16F7-4668-BE54-9A1E7A4F7556}") = "EmployeeManagement", "EmployeeManagement.csproj", "{04E04AAE-62CC-4A7D-BFFB-57EA127DA6AD}"
EndProject
Global
	GlobalSection(SolutionConfigurationPlatforms) = preSolution
		Debug|Any CPU = Debug|Any CPU
		Release|Any CPU = Release|Any CPU
	EndGlobalSection
	GlobalSection(ProjectConfigurationPlatforms) = postSolution
		{04E04AAE-62CC-4A7D-BFFB-57EA127DA6AD}.Debug|Any CPU.ActiveCfg = Debug|Any CPU
		{04E04AAE-62CC-4A7D-BFFB-57EA127DA6AD}.Debug|Any CPU.Build.0 = Debug|Any CPU
		{04E04AAE-62CC-4A7D-BFFB-57EA127DA6AD}.Release|Any CPU.ActiveCfg = Release|Any CPU
		{04E04AAE-62CC-4A7D-BFFB-57EA127DA6AD}.Release|Any CPU.Build.0 = Release|Any CPU
	EndGlobalSection
	GlobalSection(SolutionProperties) = preSolution
		HideSolutionNode = FALSE
	EndGlobalSection
	GlobalSection(ExtensibilityGlobals) = postSolution
		SolutionGuid = {62A40D98-FC21-4016-A0E5-BFAC665DAB9E}
	EndGlobalSection
EndGlobal
